
Microsoft Visual Studio Solution File, Format Version 12.00
# Visual Studio Version 17
VisualStudioVersion = 17.3.32804.467
MinimumVisualStudioVersion = 10.0.40219.1
Project("{54A90642-561A-4BB1-A94E-469ADEE60C69}") = "reacttodosystem", "reacttodosystem.esproj", "{46A02322-F260-478E-8016-CB61977C5F17}"
EndProject
Global
	GlobalSection(SolutionConfigurationPlatforms) = preSolution
		Debug|Any CPU = Debug|Any CPU
		Release|Any CPU = Release|Any CPU
	EndGlobalSection
	GlobalSection(ProjectConfigurationPlatforms) = postSolution
		{46A02322-F260-478E-8016-CB61977C5F17}.Debug|Any CPU.ActiveCfg = Debug|Any CPU
		{46A02322-F260-478E-8016-CB61977C5F17}.Debug|Any CPU.Build.0 = Debug|Any CPU
		{46A02322-F260-478E-8016-CB61977C5F17}.Debug|Any CPU.Deploy.0 = Debug|Any CPU
		{46A02322-F260-478E-8016-CB61977C5F17}.Release|Any CPU.ActiveCfg = Release|Any CPU
		{46A02322-F260-478E-8016-CB61977C5F17}.Release|Any CPU.Build.0 = Release|Any CPU
		{46A02322-F260-478E-8016-CB61977C5F17}.Release|Any CPU.Deploy.0 = Release|Any CPU
	EndGlobalSection
	GlobalSection(SolutionProperties) = preSolution
		HideSolutionNode = FALSE
	EndGlobalSection
	GlobalSection(ExtensibilityGlobals) = postSolution
		SolutionGuid = {2039E73A-1C0D-4F02-88B8-8B5E3E4A2E6E}
	EndGlobalSection
EndGlobal
